
Microsoft Visual Studio Solution File, Format Version 12.00
# Visual Studio Version 16
VisualStudioVersion = 16.0.30717.126
MinimumVisualStudioVersion = 10.0.40219.1
Project("{FAE04EC0-301F-11D3-BF4B-00C04F79EFBC}") = "TekTon.Exam.API", "TekTon.Exam.API\TekTon.Exam.API.csproj", "{2F779B37-B839-4C61-912F-9B7EC46F4379}"
EndProject
Project("{FAE04EC0-301F-11D3-BF4B-00C04F79EFBC}") = "Tekton.Exam.API.Test", "Tekton.Exam.API.Test\Tekton.Exam.API.Test.csproj", "{483D171F-03F5-468E-AF26-2FDB96751FC0}"
EndProject
Global
	GlobalSection(SolutionConfigurationPlatforms) = preSolution
		Debug|Any CPU = Debug|Any CPU
		Release|Any CPU = Release|Any CPU
	EndGlobalSection
	GlobalSection(ProjectConfigurationPlatforms) = postSolution
		{2F779B37-B839-4C61-912F-9B7EC46F4379}.Debug|Any CPU.ActiveCfg = Debug|Any CPU
		{2F779B37-B839-4C61-912F-9B7EC46F4379}.Debug|Any CPU.Build.0 = Debug|Any CPU
		{2F779B37-B839-4C61-912F-9B7EC46F4379}.Release|Any CPU.ActiveCfg = Release|Any CPU
		{2F779B37-B839-4C61-912F-9B7EC46F4379}.Release|Any CPU.Build.0 = Release|Any CPU
		{483D171F-03F5-468E-AF26-2FDB96751FC0}.Debug|Any CPU.ActiveCfg = Debug|Any CPU
		{483D171F-03F5-468E-AF26-2FDB96751FC0}.Debug|Any CPU.Build.0 = Debug|Any CPU
		{483D171F-03F5-468E-AF26-2FDB96751FC0}.Release|Any CPU.ActiveCfg = Release|Any CPU
		{483D171F-03F5-468E-AF26-2FDB96751FC0}.Release|Any CPU.Build.0 = Release|Any CPU
	EndGlobalSection
	GlobalSection(SolutionProperties) = preSolution
		HideSolutionNode = FALSE
	EndGlobalSection
	GlobalSection(ExtensibilityGlobals) = postSolution
		SolutionGuid = {133F49EC-77DC-4AD7-93C0-BF9BD856B3F4}
	EndGlobalSection
EndGlobal
